{
  "name": "avatar-js",
  "lockfileVersion": 3,
  "requires": true,
  "packages": {
    "": {
      "dependencies": {
        "@pixiv/three-vrm": "^3.1.5"
      }
    },
    "node_modules/@pixiv/three-vrm": {
      "version": "3.1.5",
      "resolved": "https://registry.npmjs.org/@pixiv/three-vrm/-/three-vrm-3.1.5.tgz",
      "integrity": "sha512-AjzUN6FzjQTfar0U0XOh4EUvXpYHd0kaikAtPeIkyD2kqTstfEDCvxFY7Dop0efbzoayDVTTTsnj8+PzKPaP1w==",
      "license": "MIT",
      "dependencies": {
        "@pixiv/three-vrm-core": "3.1.5",
        "@pixiv/three-vrm-materials-hdr-emissive-multiplier": "3.1.5",
        "@pixiv/three-vrm-materials-mtoon": "3.1.5",
        "@pixiv/three-vrm-materials-v0compat": "3.1.5",
        "@pixiv/three-vrm-node-constraint": "3.1.5",
        "@pixiv/three-vrm-springbone": "3.1.5"
      },
      "peerDependencies": {
        "three": ">=0.137"
      }
    },
    "node_modules/@pixiv/three-vrm-core": {
      "version": "3.1.5",
      "resolved": "https://registry.npmjs.org/@pixiv/three-vrm-core/-/three-vrm-core-3.1.5.tgz",
      "integrity": "sha512-NJYwyOuErbyj63CkaduDmkpGUrBiAtGf5gEw6EJZSqlC9qWAPCcVj/g0ox30TKwVxaAlDA72w14EsMqPrZ/XFQ==",
      "license": "MIT",
      "dependencies": {
        "@pixiv/types-vrm-0.0": "3.1.5",
        "@pixiv/types-vrmc-vrm-1.0": "3.1.5"
      },
      "peerDependencies": {
        "three": ">=0.137"
      }
    },
    "node_modules/@pixiv/three-vrm-materials-hdr-emissive-multiplier": {
      "version": "3.1.5",
      "resolved": "https://registry.npmjs.org/@pixiv/three-vrm-materials-hdr-emissive-multiplier/-/three-vrm-materials-hdr-emissive-multiplier-3.1.5.tgz",
      "integrity": "sha512-RqnIJrRrybzcWx8Zz4KQgmNXsALAuIwFB1OcY7Fj+KCLQ2Kzj5znmi9dzVSZEmFDBYjB0gHuuYDKRYbv+Pauxg==",
      "license": "MIT",
      "dependencies": {
        "@pixiv/types-vrmc-materials-hdr-emissive-multiplier-1.0": "3.1.5"
      },
      "peerDependencies": {
        "three": ">=0.137"
      }
    },
    "node_modules/@pixiv/three-vrm-materials-mtoon": {
      "version": "3.1.5",
      "resolved": "https://registry.npmjs.org/@pixiv/three-vrm-materials-mtoon/-/three-vrm-materials-mtoon-3.1.5.tgz",
      "integrity": "sha512-R6wso0qB3LNepe9ARV9AxtmIY6kC/ToaZBS4Aebb+2mjZn65II9cnt+phOUBXlVU9XaxiT+aZLJhQ06GFO5V2w==",
      "license": "MIT",
      "dependencies": {
        "@pixiv/types-vrm-0.0": "3.1.5",
        "@pixiv/types-vrmc-materials-mtoon-1.0": "3.1.5"
      },
      "peerDependencies": {
        "three": ">=0.137"
      }
    },
    "node_modules/@pixiv/three-vrm-materials-v0compat": {
      "version": "3.1.5",
      "resolved": "https://registry.npmjs.org/@pixiv/three-vrm-materials-v0compat/-/three-vrm-materials-v0compat-3.1.5.tgz",
      "integrity": "sha512-gG9TXYeiI/mxkrqkCS2t5aHmAzKjUeJX8Kpeic3jDuQ2wL6U0AjBDTiPdq/FBVpKTQUayqWrFG7hykImrCj6nw==",
      "license": "MIT",
      "dependencies": {
        "@pixiv/types-vrm-0.0": "3.1.5",
        "@pixiv/types-vrmc-materials-mtoon-1.0": "3.1.5"
      },
      "peerDependencies": {
        "three": ">=0.137"
      }
    },
    "node_modules/@pixiv/three-vrm-node-constraint": {
      "version": "3.1.5",
      "resolved": "https://registry.npmjs.org/@pixiv/three-vrm-node-constraint/-/three-vrm-node-constraint-3.1.5.tgz",
      "integrity": "sha512-1yg0vSnfCu5JSWsTiPjP4EXwiFMVs55V/RWLk0dq2Eo4C6WoeALGwiNhIUhcUDrOFL/0MdUwpvEM5CfuB07E9w==",
      "license": "MIT",
      "dependencies": {
        "@pixiv/types-vrmc-node-constraint-1.0": "3.1.5"
      },
      "peerDependencies": {
        "three": ">=0.137"
      }
    },
    "node_modules/@pixiv/three-vrm-springbone": {
      "version": "3.1.5",
      "resolved": "https://registry.npmjs.org/@pixiv/three-vrm-springbone/-/three-vrm-springbone-3.1.5.tgz",
      "integrity": "sha512-XcKh54BeQJp68LnpPlMch+J6Raopwvu2I5yiyvfJ96Ab0eL+kfPK0R/UCWRJE5rCLRMUagRMSpPwdQfuiUlpnw==",
      "license": "MIT",
      "dependencies": {
        "@pixiv/types-vrm-0.0": "3.1.5",
        "@pixiv/types-vrmc-springbone-1.0": "3.1.5",
        "@pixiv/types-vrmc-springbone-extended-collider-1.0": "3.1.5"
      },
      "peerDependencies": {
        "three": ">=0.137"
      }
    },
    "node_modules/@pixiv/types-vrm-0.0": {
      "version": "3.1.5",
      "resolved": "https://registry.npmjs.org/@pixiv/types-vrm-0.0/-/types-vrm-0.0-3.1.5.tgz",
      "integrity": "sha512-MZFgcBMICt7GpoIXyWPmfmwdsJmH0CfmrxKm2xF/TU1tKNNA6FJILfTkOWlwp5KP0xuODXDjmq/0pxRNYdrIyQ==",
      "license": "MIT"
    },
    "node_modules/@pixiv/types-vrmc-materials-hdr-emissive-multiplier-1.0": {
      "version": "3.1.5",
      "resolved": "https://registry.npmjs.org/@pixiv/types-vrmc-materials-hdr-emissive-multiplier-1.0/-/types-vrmc-materials-hdr-emissive-multiplier-1.0-3.1.5.tgz",
      "integrity": "sha512-IjBoPUwANi0xibSiyPQ2soVYvXdaQVpUU4u6/39Brtze+GuesNExjRipUsLmdkg/SXSnSnKKmxvQLwa4tUc4gw==",
      "license": "MIT"
    },
    "node_modules/@pixiv/types-vrmc-materials-mtoon-1.0": {
      "version": "3.1.5",
      "resolved": "https://registry.npmjs.org/@pixiv/types-vrmc-materials-mtoon-1.0/-/types-vrmc-materials-mtoon-1.0-3.1.5.tgz",
      "integrity": "sha512-7pE58iIAjW7LmQBkqcCksXrgywnczoyUjXSw6EzusSD9dES+K0NHaGJIM8rQf0KDvJ+esPQPaQ5wPgTw2t9jIg==",
      "license": "MIT"
    },
    "node_modules/@pixiv/types-vrmc-node-constraint-1.0": {
      "version": "3.1.5",
      "resolved": "https://registry.npmjs.org/@pixiv/types-vrmc-node-constraint-1.0/-/types-vrmc-node-constraint-1.0-3.1.5.tgz",
      "integrity": "sha512-3kTcMq3/52ej8NIH2r8sHmHjgLGMpQMrgGUM9rCu8751nlkQa6nH4CdS/KEbNdgIJoNhVJgCRI7lV8DFKkMAVA==",
      "license": "MIT"
    },
    "node_modules/@pixiv/types-vrmc-springbone-1.0": {
      "version": "3.1.5",
      "resolved": "https://registry.npmjs.org/@pixiv/types-vrmc-springbone-1.0/-/types-vrmc-springbone-1.0-3.1.5.tgz",
      "integrity": "sha512-MpzYDg0uBWyGAdjJUB+c2HKQr7YeQivsKwRrnOz/buXB51OYf1kNS2UqUgcg3qN7JBDrcVPA9kSg6yzad2OfDQ==",
      "license": "MIT"
    },
    "node_modules/@pixiv/types-vrmc-springbone-extended-collider-1.0": {
      "version": "3.1.5",
      "resolved": "https://registry.npmjs.org/@pixiv/types-vrmc-springbone-extended-collider-1.0/-/types-vrmc-springbone-extended-collider-1.0-3.1.5.tgz",
      "integrity": "sha512-TlQXv5qZmKs4OUv8dKCl6tyBn8nYDgsbtpYcpZV7iQfSDPFY2Zy7ZwqE66Z5QibF9tFvVoNAyHAEcafHAXyWKQ==",
      "license": "MIT"
    },
    "node_modules/@pixiv/types-vrmc-vrm-1.0": {
      "version": "3.1.5",
      "resolved": "https://registry.npmjs.org/@pixiv/types-vrmc-vrm-1.0/-/types-vrmc-vrm-1.0-3.1.5.tgz",
      "integrity": "sha512-U1p3CnPgC/GblMnd4myqsvVDcqWWtQcoPvegV1xPesM9Q5GLlF1hNj4++xvgV2PmCyKCYqUCZxaHqFzHIYEHGg==",
      "license": "MIT"
    },
    "node_modules/three": {
      "version": "0.170.0",
      "resolved": "https://registry.npmjs.org/three/-/three-0.170.0.tgz",
      "integrity": "sha512-FQK+LEpYc0fBD+J8g6oSEyyNzjp+Q7Ks1C568WWaoMRLW+TkNNWmenWeGgJjV105Gd+p/2ql1ZcjYvNiPZBhuQ==",
      "license": "MIT",
      "peer": true
    }
  }
}
